
Microsoft Visual Studio Solution File, Format Version 12.00
# Visual Studio 15
VisualStudioVersion = 15.0.28010.2026
MinimumVisualStudioVersion = 10.0.40219.1
Project("{FAE04EC0-301F-11D3-BF4B-00C04F79EFBC}") = "yolohago", "yolohago\yolohago.csproj", "{FF22E0CC-C213-4847-869C-3E9D2347F6C3}"
EndProject
Project("{FAE04EC0-301F-11D3-BF4B-00C04F79EFBC}") = "yolohagoTests", "yolohagoTests\yolohagoTests.csproj", "{29AC32B4-5819-4DEC-9F9F-DDAA34E5C1E1}"
EndProject
Global
	GlobalSection(SolutionConfigurationPlatforms) = preSolution
		Debug|Any CPU = Debug|Any CPU
		Release|Any CPU = Release|Any CPU
	EndGlobalSection
	GlobalSection(ProjectConfigurationPlatforms) = postSolution
		{FF22E0CC-C213-4847-869C-3E9D2347F6C3}.Debug|Any CPU.ActiveCfg = Debug|Any CPU
		{FF22E0CC-C213-4847-869C-3E9D2347F6C3}.Debug|Any CPU.Build.0 = Debug|Any CPU
		{FF22E0CC-C213-4847-869C-3E9D2347F6C3}.Release|Any CPU.ActiveCfg = Release|Any CPU
		{FF22E0CC-C213-4847-869C-3E9D2347F6C3}.Release|Any CPU.Build.0 = Release|Any CPU
		{29AC32B4-5819-4DEC-9F9F-DDAA34E5C1E1}.Debug|Any CPU.ActiveCfg = Debug|Any CPU
		{29AC32B4-5819-4DEC-9F9F-DDAA34E5C1E1}.Debug|Any CPU.Build.0 = Debug|Any CPU
		{29AC32B4-5819-4DEC-9F9F-DDAA34E5C1E1}.Release|Any CPU.ActiveCfg = Release|Any CPU
		{29AC32B4-5819-4DEC-9F9F-DDAA34E5C1E1}.Release|Any CPU.Build.0 = Release|Any CPU
	EndGlobalSection
	GlobalSection(SolutionProperties) = preSolution
		HideSolutionNode = FALSE
	EndGlobalSection
	GlobalSection(ExtensibilityGlobals) = postSolution
		SolutionGuid = {8CD23D68-05A6-4CD0-A70A-B70808350B26}
	EndGlobalSection
EndGlobal
